
Microsoft Visual Studio Solution File, Format Version 12.00
# Visual Studio Version 16
VisualStudioVersion = 16.0.31702.278
MinimumVisualStudioVersion = 10.0.40219.1
Project("{FAE04EC0-301F-11D3-BF4B-00C04F79EFBC}") = "Rental_Kendaraan", "Rental_Kendaraan\Rental_Kendaraan.csproj", "{6FD96B89-5770-41E9-97B4-08E9437BDAC0}"
EndProject
Global
	GlobalSection(SolutionConfigurationPlatforms) = preSolution
		Debug|Any CPU = Debug|Any CPU
		Release|Any CPU = Release|Any CPU
	EndGlobalSection
	GlobalSection(ProjectConfigurationPlatforms) = postSolution
		{6FD96B89-5770-41E9-97B4-08E9437BDAC0}.Debug|Any CPU.ActiveCfg = Debug|Any CPU
		{6FD96B89-5770-41E9-97B4-08E9437BDAC0}.Debug|Any CPU.Build.0 = Debug|Any CPU
		{6FD96B89-5770-41E9-97B4-08E9437BDAC0}.Release|Any CPU.ActiveCfg = Release|Any CPU
		{6FD96B89-5770-41E9-97B4-08E9437BDAC0}.Release|Any CPU.Build.0 = Release|Any CPU
	EndGlobalSection
	GlobalSection(SolutionProperties) = preSolution
		HideSolutionNode = FALSE
	EndGlobalSection
	GlobalSection(ExtensibilityGlobals) = postSolution
		SolutionGuid = {B998982C-694F-45B9-90E2-A4DDE2A5F124}
	EndGlobalSection
EndGlobal
